
Microsoft Visual Studio Solution File, Format Version 12.00
# Visual Studio Version 17
VisualStudioVersion = 17.5.33516.290
MinimumVisualStudioVersion = 10.0.40219.1
Project("{2150E333-8FDC-42A3-9474-1A3956D46DE8}") = "1.Shared", "1.Shared", "{9A596BAD-F347-47EB-8EF1-C383091463E4}"
EndProject
Project("{2150E333-8FDC-42A3-9474-1A3956D46DE8}") = "2.Domain", "2.Domain", "{E96F2EA4-77CB-4B7B-9FD1-C7DE9EDA7A99}"
EndProject
Project("{2150E333-8FDC-42A3-9474-1A3956D46DE8}") = "3.Infrastructure", "3.Infrastructure", "{66F82791-2B69-4481-8A1C-061BCA51AB1E}"
EndProject
Project("{2150E333-8FDC-42A3-9474-1A3956D46DE8}") = "4.Hosts", "4.Hosts", "{460C8D32-97E3-49DC-95F6-5F4FC2EE7CE4}"
EndProject
Project("{2150E333-8FDC-42A3-9474-1A3956D46DE8}") = "Docs", "Docs", "{0B661F42-9B5D-410A-AD5F-17CBECE2E9FE}"
EndProject
Project("{9A19103F-16F7-4668-BE54-9A1E7A4F7556}") = "BaseSource.Shared", "BaseSource.Shared\BaseSource.Shared.csproj", "{EE02F972-D5F7-4FA2-B036-8BFBEBCF33AF}"
EndProject
Project("{9A19103F-16F7-4668-BE54-9A1E7A4F7556}") = "BaseSource.Data", "BaseSource.Data\BaseSource.Data.csproj", "{B81F6040-55E3-43C5-9865-E6D2AF5A72FB}"
EndProject
Project("{2150E333-8FDC-42A3-9474-1A3956D46DE8}") = "Exceptions", "Exceptions", "{FCB9EFC3-9C5B-4F85-9863-6DED90654429}"
EndProject
Project("{2150E333-8FDC-42A3-9474-1A3956D46DE8}") = "Extensions", "Extensions", "{0511BEA9-1E34-4A9E-919B-CFD61A966688}"
EndProject
Project("{2150E333-8FDC-42A3-9474-1A3956D46DE8}") = "Library", "Library", "{9352C965-6C03-4A44-A328-6382116759CA}"
EndProject
Project("{2150E333-8FDC-42A3-9474-1A3956D46DE8}") = "Services", "Services", "{D3A85941-47C6-46A0-8717-8A647EB29D67}"
EndProject
Project("{9A19103F-16F7-4668-BE54-9A1E7A4F7556}") = "BaseSource.Services", "BaseSource.Services\BaseSource.Services.csproj", "{C0BD99F7-B55B-4E6B-A89E-F7B66C88F808}"
EndProject
Project("{2150E333-8FDC-42A3-9474-1A3956D46DE8}") = "API", "API", "{03CA31C6-43F1-4FC1-8EE9-F212FA407FA5}"
EndProject
Project("{2150E333-8FDC-42A3-9474-1A3956D46DE8}") = "WebUI", "WebUI", "{6CA1439F-A794-44CF-8C3F-4003FF38B538}"
EndProject
Project("{9A19103F-16F7-4668-BE54-9A1E7A4F7556}") = "BaseSource.API", "BaseSource.API\BaseSource.API.csproj", "{6D3CF424-2852-4822-8C93-106F7809D57A}"
EndProject
Project("{9A19103F-16F7-4668-BE54-9A1E7A4F7556}") = "BaseSource.ApiIntegration", "BaseSource.ApiIntegration\BaseSource.ApiIntegration.csproj", "{CFF7A217-C700-41FD-AEFE-29EA71CBA3F8}"
EndProject
Project("{9A19103F-16F7-4668-BE54-9A1E7A4F7556}") = "BaseSource.AppUI", "BaseSource.AppUI\BaseSource.AppUI.csproj", "{4BCAA84C-E2C5-491B-A3E4-0FB24A8E002B}"
EndProject
Project("{9A19103F-16F7-4668-BE54-9A1E7A4F7556}") = "BaseSource.ViewModels", "BaseSource.ViewModels\BaseSource.ViewModels.csproj", "{247016DE-49C0-40DA-B03C-347DD43780E0}"
EndProject
Project("{2150E333-8FDC-42A3-9474-1A3956D46DE8}") = "5.Bot", "5.Bot", "{1462386D-0321-4272-9B14-2780758440D8}"
EndProject
Project("{9A19103F-16F7-4668-BE54-9A1E7A4F7556}") = "UploadYoutubeBot", "UploadYoutubeBot\UploadYoutubeBot.csproj", "{0A50879D-701C-4F7E-9178-1FB276BE7D4B}"
EndProject
Project("{9A19103F-16F7-4668-BE54-9A1E7A4F7556}") = "BaseSource.SharedSignalrData", "BaseSource.SharedSignalrData\BaseSource.SharedSignalrData.csproj", "{C340C86F-9B58-4DBA-AF26-7873F5F322AB}"
EndProject
Global
	GlobalSection(SolutionConfigurationPlatforms) = preSolution
		Debug|Any CPU = Debug|Any CPU
		Release|Any CPU = Release|Any CPU
	EndGlobalSection
	GlobalSection(ProjectConfigurationPlatforms) = postSolution
		{EE02F972-D5F7-4FA2-B036-8BFBEBCF33AF}.Debug|Any CPU.ActiveCfg = Debug|Any CPU
		{EE02F972-D5F7-4FA2-B036-8BFBEBCF33AF}.Debug|Any CPU.Build.0 = Debug|Any CPU
		{EE02F972-D5F7-4FA2-B036-8BFBEBCF33AF}.Release|Any CPU.ActiveCfg = Release|Any CPU
		{EE02F972-D5F7-4FA2-B036-8BFBEBCF33AF}.Release|Any CPU.Build.0 = Release|Any CPU
		{B81F6040-55E3-43C5-9865-E6D2AF5A72FB}.Debug|Any CPU.ActiveCfg = Debug|Any CPU
		{B81F6040-55E3-43C5-9865-E6D2AF5A72FB}.Debug|Any CPU.Build.0 = Debug|Any CPU
		{B81F6040-55E3-43C5-9865-E6D2AF5A72FB}.Release|Any CPU.ActiveCfg = Release|Any CPU
		{B81F6040-55E3-43C5-9865-E6D2AF5A72FB}.Release|Any CPU.Build.0 = Release|Any CPU
		{C0BD99F7-B55B-4E6B-A89E-F7B66C88F808}.Debug|Any CPU.ActiveCfg = Debug|Any CPU
		{C0BD99F7-B55B-4E6B-A89E-F7B66C88F808}.Debug|Any CPU.Build.0 = Debug|Any CPU
		{C0BD99F7-B55B-4E6B-A89E-F7B66C88F808}.Release|Any CPU.ActiveCfg = Release|Any CPU
		{C0BD99F7-B55B-4E6B-A89E-F7B66C88F808}.Release|Any CPU.Build.0 = Release|Any CPU
		{6D3CF424-2852-4822-8C93-106F7809D57A}.Debug|Any CPU.ActiveCfg = Debug|Any CPU
		{6D3CF424-2852-4822-8C93-106F7809D57A}.Debug|Any CPU.Build.0 = Debug|Any CPU
		{6D3CF424-2852-4822-8C93-106F7809D57A}.Release|Any CPU.ActiveCfg = Release|Any CPU
		{6D3CF424-2852-4822-8C93-106F7809D57A}.Release|Any CPU.Build.0 = Release|Any CPU
		{CFF7A217-C700-41FD-AEFE-29EA71CBA3F8}.Debug|Any CPU.ActiveCfg = Debug|Any CPU
		{CFF7A217-C700-41FD-AEFE-29EA71CBA3F8}.Debug|Any CPU.Build.0 = Debug|Any CPU
		{CFF7A217-C700-41FD-AEFE-29EA71CBA3F8}.Release|Any CPU.ActiveCfg = Release|Any CPU
		{CFF7A217-C700-41FD-AEFE-29EA71CBA3F8}.Release|Any CPU.Build.0 = Release|Any CPU
		{4BCAA84C-E2C5-491B-A3E4-0FB24A8E002B}.Debug|Any CPU.ActiveCfg = Debug|Any CPU
		{4BCAA84C-E2C5-491B-A3E4-0FB24A8E002B}.Debug|Any CPU.Build.0 = Debug|Any CPU
		{4BCAA84C-E2C5-491B-A3E4-0FB24A8E002B}.Release|Any CPU.ActiveCfg = Release|Any CPU
		{4BCAA84C-E2C5-491B-A3E4-0FB24A8E002B}.Release|Any CPU.Build.0 = Release|Any CPU
		{247016DE-49C0-40DA-B03C-347DD43780E0}.Debug|Any CPU.ActiveCfg = Debug|Any CPU
		{247016DE-49C0-40DA-B03C-347DD43780E0}.Debug|Any CPU.Build.0 = Debug|Any CPU
		{247016DE-49C0-40DA-B03C-347DD43780E0}.Release|Any CPU.ActiveCfg = Release|Any CPU
		{247016DE-49C0-40DA-B03C-347DD43780E0}.Release|Any CPU.Build.0 = Release|Any CPU
		{0A50879D-701C-4F7E-9178-1FB276BE7D4B}.Debug|Any CPU.ActiveCfg = Debug|Any CPU
		{0A50879D-701C-4F7E-9178-1FB276BE7D4B}.Debug|Any CPU.Build.0 = Debug|Any CPU
		{0A50879D-701C-4F7E-9178-1FB276BE7D4B}.Release|Any CPU.ActiveCfg = Release|Any CPU
		{0A50879D-701C-4F7E-9178-1FB276BE7D4B}.Release|Any CPU.Build.0 = Release|Any CPU
		{C340C86F-9B58-4DBA-AF26-7873F5F322AB}.Debug|Any CPU.ActiveCfg = Debug|Any CPU
		{C340C86F-9B58-4DBA-AF26-7873F5F322AB}.Debug|Any CPU.Build.0 = Debug|Any CPU
		{C340C86F-9B58-4DBA-AF26-7873F5F322AB}.Release|Any CPU.ActiveCfg = Release|Any CPU
		{C340C86F-9B58-4DBA-AF26-7873F5F322AB}.Release|Any CPU.Build.0 = Release|Any CPU
	EndGlobalSection
	GlobalSection(SolutionProperties) = preSolution
		HideSolutionNode = FALSE
	EndGlobalSection
	GlobalSection(NestedProjects) = preSolution
		{EE02F972-D5F7-4FA2-B036-8BFBEBCF33AF} = {9A596BAD-F347-47EB-8EF1-C383091463E4}
		{B81F6040-55E3-43C5-9865-E6D2AF5A72FB} = {E96F2EA4-77CB-4B7B-9FD1-C7DE9EDA7A99}
		{FCB9EFC3-9C5B-4F85-9863-6DED90654429} = {66F82791-2B69-4481-8A1C-061BCA51AB1E}
		{0511BEA9-1E34-4A9E-919B-CFD61A966688} = {66F82791-2B69-4481-8A1C-061BCA51AB1E}
		{9352C965-6C03-4A44-A328-6382116759CA} = {66F82791-2B69-4481-8A1C-061BCA51AB1E}
		{D3A85941-47C6-46A0-8717-8A647EB29D67} = {66F82791-2B69-4481-8A1C-061BCA51AB1E}
		{C0BD99F7-B55B-4E6B-A89E-F7B66C88F808} = {D3A85941-47C6-46A0-8717-8A647EB29D67}
		{03CA31C6-43F1-4FC1-8EE9-F212FA407FA5} = {460C8D32-97E3-49DC-95F6-5F4FC2EE7CE4}
		{6CA1439F-A794-44CF-8C3F-4003FF38B538} = {460C8D32-97E3-49DC-95F6-5F4FC2EE7CE4}
		{6D3CF424-2852-4822-8C93-106F7809D57A} = {03CA31C6-43F1-4FC1-8EE9-F212FA407FA5}
		{CFF7A217-C700-41FD-AEFE-29EA71CBA3F8} = {6CA1439F-A794-44CF-8C3F-4003FF38B538}
		{4BCAA84C-E2C5-491B-A3E4-0FB24A8E002B} = {6CA1439F-A794-44CF-8C3F-4003FF38B538}
		{247016DE-49C0-40DA-B03C-347DD43780E0} = {9A596BAD-F347-47EB-8EF1-C383091463E4}
		{0A50879D-701C-4F7E-9178-1FB276BE7D4B} = {1462386D-0321-4272-9B14-2780758440D8}
		{C340C86F-9B58-4DBA-AF26-7873F5F322AB} = {9A596BAD-F347-47EB-8EF1-C383091463E4}
	EndGlobalSection
	GlobalSection(ExtensibilityGlobals) = postSolution
		SolutionGuid = {17A06251-D3DF-4159-AEE3-712CCB5FD34E}
	EndGlobalSection
EndGlobal
